PODS:
  - Charts (3.6.0):
    - Charts/Core (= 3.6.0)
  - Charts/Core (3.6.0)
  - TensorFlowLiteC (0.0.1-nightly.20210416):
    - TensorFlowLiteC/Core (= 0.0.1-nightly.20210416)
  - TensorFlowLiteC/Core (0.0.1-nightly.20210416)
  - TensorFlowLiteSwift (0.0.1-nightly.20210416):
    - TensorFlowLiteSwift/Core (= 0.0.1-nightly.20210416)
  - TensorFlowLiteSwift/Core (0.0.1-nightly.20210416):
    - TensorFlowLiteC (= 0.0.1-nightly.20210416)

DEPENDENCIES:
  - Charts
  - TensorFlowLiteSwift (~> 0.0.1-nightly)

SPEC REPOS:
  trunk:
    - Charts
    - TensorFlowLiteC
    - TensorFlowLiteSwift

SPEC CHECKSUMS:
  Charts: b1e3a1f5a1c9ba5394438ca3b91bd8c9076310af
  TensorFlowLiteC: 28837c40931baa50affa56f5b4fb7a4cada34b1b
  TensorFlowLiteSwift: 8a6cfbcb0e77a37fadf1e7f94f863de9406eb641

PODFILE CHECKSUM: 21da30a7c6f9fbd6b5d7d8467fe99e8e80942c88

COCOAPODS: 1.10.1
