PODS:
  - Charts (3.6.0):
    - Charts/Core (= 3.6.0)
  - Charts/Core (3.6.0)
  - TensorFlowLiteC (0.0.1-nightly.20210409):
    - TensorFlowLiteC/Core (= 0.0.1-nightly.20210409)
  - TensorFlowLiteC/Core (0.0.1-nightly.20210409)
  - TensorFlowLiteSwift (0.0.1-nightly.20210409):
    - TensorFlowLiteSwift/Core (= 0.0.1-nightly.20210409)
  - TensorFlowLiteSwift/Core (0.0.1-nightly.20210409):
    - TensorFlowLiteC (= 0.0.1-nightly.20210409)

DEPENDENCIES:
  - Charts
  - TensorFlowLiteSwift (~> 0.0.1-nightly)

SPEC REPOS:
  trunk:
    - Charts
    - TensorFlowLiteC
    - TensorFlowLiteSwift

SPEC CHECKSUMS:
  Charts: b1e3a1f5a1c9ba5394438ca3b91bd8c9076310af
  TensorFlowLiteC: 32424ce6142d0ec8643816de76d9aa4ad949ab79
  TensorFlowLiteSwift: daf97e8c3865807db1f5263810da6a2d3d45a50e

PODFILE CHECKSUM: 77e5540a5444d0988e2e653a3ee2c4b117802b78

COCOAPODS: 1.10.1
